// !$*UTF8*$!
{
	archiveVersion = 1;
	classes = {
	};
	objectVersion = 46;
	objects = {

/* Begin PBXBuildFile section */
		966D4634A152467241240723 /* Pods.framework in Frameworks */ = {isa = PBXBuildFile; fileRef = 3F971A9D709D79514D7C5F1C /* Pods.framework */; };
		DE167E951BCB0181006B208E /* memberOfCongressParser.swift in Sources */ = {isa = PBXBuildFile; fileRef = DE167E941BCB0181006B208E /* memberOfCongressParser.swift */; settings = {ASSET_TAGS = (); }; };
		DE167E971BCB0195006B208E /* memberofCongressModel.swift in Sources */ = {isa = PBXBuildFile; fileRef = DE167E961BCB0195006B208E /* memberofCongressModel.swift */; settings = {ASSET_TAGS = (); }; };
		DEFF9E551BBE1E2B00FB4E9C /* AppDelegate.swift in Sources */ = {isa = PBXBuildFile; fileRef = DEFF9E541BBE1E2B00FB4E9C /* AppDelegate.swift */; };
		DEFF9E571BBE1E2B00FB4E9C /* ViewController.swift in Sources */ = {isa = PBXBuildFile; fileRef = DEFF9E561BBE1E2B00FB4E9C /* ViewController.swift */; };
		DEFF9E5A1BBE1E2B00FB4E9C /* Main.storyboard in Resources */ = {isa = PBXBuildFile; fileRef = DEFF9E581BBE1E2B00FB4E9C /* Main.storyboard */; };
		DEFF9E5D1BBE1E2C00FB4E9C /* GirlEmpower.xcdatamodeld in Sources */ = {isa = PBXBuildFile; fileRef = DEFF9E5B1BBE1E2C00FB4E9C /* GirlEmpower.xcdatamodeld */; };
		DEFF9E5F1BBE1E2C00FB4E9C /* Assets.xcassets in Resources */ = {isa = PBXBuildFile; fileRef = DEFF9E5E1BBE1E2C00FB4E9C /* Assets.xcassets */; };
		DEFF9E621BBE1E2C00FB4E9C /* LaunchScreen.storyboard in Resources */ = {isa = PBXBuildFile; fileRef = DEFF9E601BBE1E2C00FB4E9C /* LaunchScreen.storyboard */; };
		DEFF9E6D1BBE1E2C00FB4E9C /* GirlEmpowerTests.swift in Sources */ = {isa = PBXBuildFile; fileRef = DEFF9E6C1BBE1E2C00FB4E9C /* GirlEmpowerTests.swift */; };
		DEFF9E781BBE1E2C00FB4E9C /* GirlEmpowerUITests.swift in Sources */ = {isa = PBXBuildFile; fileRef = DEFF9E771BBE1E2C00FB4E9C /* GirlEmpowerUITests.swift */; };
		DEFF9E861BBE1E8C00FB4E9C /* MapViewController.swift in Sources */ = {isa = PBXBuildFile; fileRef = DEFF9E851BBE1E8C00FB4E9C /* MapViewController.swift */; settings = {ASSET_TAGS = (); }; };
		DEFF9E881BC0468E00FB4E9C /* LocationManager.swift in Sources */ = {isa = PBXBuildFile; fileRef = DEFF9E871BC0468E00FB4E9C /* LocationManager.swift */; settings = {ASSET_TAGS = (); }; };
		DEFF9E8A1BC0A60400FB4E9C /* TwitterManager.swift in Sources */ = {isa = PBXBuildFile; fileRef = DEFF9E891BC0A60400FB4E9C /* TwitterManager.swift */; settings = {ASSET_TAGS = (); }; };
		DEFF9E8C1BC184C900FB4E9C /* TwitterModel.swift in Sources */ = {isa = PBXBuildFile; fileRef = DEFF9E8B1BC184C900FB4E9C /* TwitterModel.swift */; settings = {ASSET_TAGS = (); }; };
/* End PBXBuildFile section */

/* Begin PBXContainerItemProxy section */
		DEFF9E691BBE1E2C00FB4E9C /* PBXContainerItemProxy */ = {
			isa = PBXContainerItemProxy;
			containerPortal = DEFF9E491BBE1E2B00FB4E9C /* Project object */;
			proxyType = 1;
			remoteGlobalIDString = DEFF9E501BBE1E2B00FB4E9C;
			remoteInfo = GirlEmpower;
		};
		DEFF9E741BBE1E2C00FB4E9C /* PBXContainerItemProxy */ = {
			isa = PBXContainerItemProxy;
			containerPortal = DEFF9E491BBE1E2B00FB4E9C /* Project object */;
			proxyType = 1;
			remoteGlobalIDString = DEFF9E501BBE1E2B00FB4E9C;
			remoteInfo = GirlEmpower;
		};
/* End PBXContainerItemProxy section */

/* Begin PBXFileReference section */
		3F971A9D709D79514D7C5F1C /* Pods.framework */ = {isa = PBXFileReference; explicitFileType = wrapper.framework; includeInIndex = 0; path = Pods.framework; sourceTree = BUILT_PRODUCTS_DIR; };
		5BD552BA0489141BE6DD8463 /* Pods.release.xcconfig */ = {isa = PBXFileReference; includeInIndex = 1; lastKnownFileType = text.xcconfig; name = Pods.release.xcconfig; path = "Pods/Target Support Files/Pods/Pods.release.xcconfig"; sourceTree = "<group>"; };
		ACA0A7BA0C948EF563D26BDA /* Pods.debug.xcconfig */ = {isa = PBXFileReference; includeInIndex = 1; lastKnownFileType = text.xcconfig; name = Pods.debug.xcconfig; path = "Pods/Target Support Files/Pods/Pods.debug.xcconfig"; sourceTree = "<group>"; };
		DE167E941BCB0181006B208E /* memberOfCongressParser.swift */ = {isa = PBXFileReference; fileEncoding = 4; lastKnownFileType = sourcecode.swift; path = memberOfCongressParser.swift; sourceTree = "<group>"; };
		DE167E961BCB0195006B208E /* memberofCongressModel.swift */ = {isa = PBXFileReference; fileEncoding = 4; lastKnownFileType = sourcecode.swift; path = memberofCongressModel.swift; sourceTree = "<group>"; };
		DEFF9E511BBE1E2B00FB4E9C /* GirlEmpower.app */ = {isa = PBXFileReference; explicitFileType = wrapper.application; includeInIndex = 0; path = GirlEmpower.app; sourceTree = BUILT_PRODUCTS_DIR; };
		DEFF9E541BBE1E2B00FB4E9C /* AppDelegate.swift */ = {isa = PBXFileReference; lastKnownFileType = sourcecode.swift; path = AppDelegate.swift; sourceTree = "<group>"; };
		DEFF9E561BBE1E2B00FB4E9C /* ViewController.swift */ = {isa = PBXFileReference; lastKnownFileType = sourcecode.swift; path = ViewController.swift; sourceTree = "<group>"; };
		DEFF9E591BBE1E2B00FB4E9C /* Base */ = {isa = PBXFileReference; lastKnownFileType = file.storyboard; name = Base; path = Base.lproj/Main.storyboard; sourceTree = "<group>"; };
		DEFF9E5C1BBE1E2C00FB4E9C /* GirlEmpower.xcdatamodel */ = {isa = PBXFileReference; lastKnownFileType = wrapper.xcdatamodel; path = GirlEmpower.xcdatamodel; sourceTree = "<group>"; };
		DEFF9E5E1BBE1E2C00FB4E9C /* Assets.xcassets */ = {isa = PBXFileReference; lastKnownFileType = folder.assetcatalog; path = Assets.xcassets; sourceTree = "<group>"; };
		DEFF9E611BBE1E2C00FB4E9C /* Base */ = {isa = PBXFileReference; lastKnownFileType = file.storyboard; name = Base; path = Base.lproj/LaunchScreen.storyboard; sourceTree = "<group>"; };
		DEFF9E631BBE1E2C00FB4E9C /* Info.plist */ = {isa = PBXFileReference; lastKnownFileType = text.plist.xml; path = Info.plist; sourceTree = "<group>"; };
		DEFF9E681BBE1E2C00FB4E9C /* GirlEmpowerTests.xctest */ = {isa = PBXFileReference; explicitFileType = wrapper.cfbundle; includeInIndex = 0; path = GirlEmpowerTests.xctest; sourceTree = BUILT_PRODUCTS_DIR; };
		DEFF9E6C1BBE1E2C00FB4E9C /* GirlEmpowerTests.swift */ = {isa = PBXFileReference; lastKnownFileType = sourcecode.swift; path = GirlEmpowerTests.swift; sourceTree = "<group>"; };
		DEFF9E6E1BBE1E2C00FB4E9C /* Info.plist */ = {isa = PBXFileReference; lastKnownFileType = text.plist.xml; path = Info.plist; sourceTree = "<group>"; };
		DEFF9E731BBE1E2C00FB4E9C /* GirlEmpowerUITests.xctest */ = {isa = PBXFileReference; explicitFileType = wrapper.cfbundle; includeInIndex = 0; path = GirlEmpowerUITests.xctest; sourceTree = BUILT_PRODUCTS_DIR; };
		DEFF9E771BBE1E2C00FB4E9C /* GirlEmpowerUITests.swift */ = {isa = PBXFileReference; lastKnownFileType = sourcecode.swift; path = GirlEmpowerUITests.swift; sourceTree = "<group>"; };
		DEFF9E791BBE1E2C00FB4E9C /* Info.plist */ = {isa = PBXFileReference; lastKnownFileType = text.plist.xml; path = Info.plist; sourceTree = "<group>"; };
		DEFF9E851BBE1E8C00FB4E9C /* MapViewController.swift */ = {isa = PBXFileReference; fileEncoding = 4; lastKnownFileType = sourcecode.swift; path = MapViewController.swift; sourceTree = "<group>"; };
		DEFF9E871BC0468E00FB4E9C /* LocationManager.swift */ = {isa = PBXFileReference; fileEncoding = 4; lastKnownFileType = sourcecode.swift; path = LocationManager.swift; sourceTree = "<group>"; };
		DEFF9E891BC0A60400FB4E9C /* TwitterManager.swift */ = {isa = PBXFileReference; fileEncoding = 4; lastKnownFileType = sourcecode.swift; path = TwitterManager.swift; sourceTree = "<group>"; };
		DEFF9E8B1BC184C900FB4E9C /* TwitterModel.swift */ = {isa = PBXFileReference; fileEncoding = 4; lastKnownFileType = sourcecode.swift; path = TwitterModel.swift; sourceTree = "<group>"; };
/* End PBXFileReference section */

/* Begin PBXFrameworksBuildPhase section */
		DEFF9E4E1BBE1E2B00FB4E9C /* Frameworks */ = {
			isa = PBXFrameworksBuildPhase;
			buildActionMask = 2147483647;
			files = (
				966D4634A152467241240723 /* Pods.framework in Frameworks */,
			);
			runOnlyForDeploymentPostprocessing = 0;
		};
		DEFF9E651BBE1E2C00FB4E9C /* Frameworks */ = {
			isa = PBXFrameworksBuildPhase;
			buildActionMask = 2147483647;
			files = (
			);
			runOnlyForDeploymentPostprocessing = 0;
		};
		DEFF9E701BBE1E2C00FB4E9C /* Frameworks */ = {
			isa = PBXFrameworksBuildPhase;
			buildActionMask = 2147483647;
			files = (
			);
			runOnlyForDeploymentPostprocessing = 0;
		};
/* End PBXFrameworksBuildPhase section */

/* Begin PBXGroup section */
		5D0821BD8DBE33E000C10D60 /* Pods */ = {
			isa = PBXGroup;
			children = (
				ACA0A7BA0C948EF563D26BDA /* Pods.debug.xcconfig */,
				5BD552BA0489141BE6DD8463 /* Pods.release.xcconfig */,
			);
			name = Pods;
			sourceTree = "<group>";
		};
		CE2F766F9F8B4A28EAD1DF72 /* Frameworks */ = {
			isa = PBXGroup;
			children = (
				3F971A9D709D79514D7C5F1C /* Pods.framework */,
			);
			name = Frameworks;
			sourceTree = "<group>";
		};
		DEFF9E481BBE1E2B00FB4E9C = {
			isa = PBXGroup;
			children = (
				DEFF9E531BBE1E2B00FB4E9C /* GirlEmpower */,
				DEFF9E6B1BBE1E2C00FB4E9C /* GirlEmpowerTests */,
				DEFF9E761BBE1E2C00FB4E9C /* GirlEmpowerUITests */,
				DEFF9E521BBE1E2B00FB4E9C /* Products */,
				5D0821BD8DBE33E000C10D60 /* Pods */,
				CE2F766F9F8B4A28EAD1DF72 /* Frameworks */,
			);
			sourceTree = "<group>";
		};
		DEFF9E521BBE1E2B00FB4E9C /* Products */ = {
			isa = PBXGroup;
			children = (
				DEFF9E511BBE1E2B00FB4E9C /* GirlEmpower.app */,
				DEFF9E681BBE1E2C00FB4E9C /* GirlEmpowerTests.xctest */,
				DEFF9E731BBE1E2C00FB4E9C /* GirlEmpowerUITests.xctest */,
			);
			name = Products;
			sourceTree = "<group>";
		};
		DEFF9E531BBE1E2B00FB4E9C /* GirlEmpower */ = {
			isa = PBXGroup;
			children = (
				DEFF9E8D1BC19F0700FB4E9C /* Twitter */,
				DEFF9E541BBE1E2B00FB4E9C /* AppDelegate.swift */,
				DEFF9E561BBE1E2B00FB4E9C /* ViewController.swift */,
				DEFF9E851BBE1E8C00FB4E9C /* MapViewController.swift */,
				DEFF9E8B1BC184C900FB4E9C /* TwitterModel.swift */,
				DE167E941BCB0181006B208E /* memberOfCongressParser.swift */,
				DE167E961BCB0195006B208E /* memberofCongressModel.swift */,
				DEFF9E871BC0468E00FB4E9C /* LocationManager.swift */,
				DEFF9E891BC0A60400FB4E9C /* TwitterManager.swift */,
				DEFF9E581BBE1E2B00FB4E9C /* Main.storyboard */,
				DEFF9E5E1BBE1E2C00FB4E9C /* Assets.xcassets */,
				DEFF9E601BBE1E2C00FB4E9C /* LaunchScreen.storyboard */,
				DEFF9E631BBE1E2C00FB4E9C /* Info.plist */,
				DEFF9E5B1BBE1E2C00FB4E9C /* GirlEmpower.xcdatamodeld */,
			);
			path = GirlEmpower;
			sourceTree = "<group>";
		};
		DEFF9E6B1BBE1E2C00FB4E9C /* GirlEmpowerTests */ = {
			isa = PBXGroup;
			children = (
				DEFF9E6C1BBE1E2C00FB4E9C /* GirlEmpowerTests.swift */,
				DEFF9E6E1BBE1E2C00FB4E9C /* Info.plist */,
			);
			path = GirlEmpowerTests;
			sourceTree = "<group>";
		};
		DEFF9E761BBE1E2C00FB4E9C /* GirlEmpowerUITests */ = {
			isa = PBXGroup;
			children = (
				DEFF9E771BBE1E2C00FB4E9C /* GirlEmpowerUITests.swift */,
				DEFF9E791BBE1E2C00FB4E9C /* Info.plist */,
			);
			path = GirlEmpowerUITests;
			sourceTree = "<group>";
		};
		DEFF9E8D1BC19F0700FB4E9C /* Twitter */ = {
			isa = PBXGroup;
			children = (
			);
			name = Twitter;
			sourceTree = "<group>";
		};
/* End PBXGroup section */

/* Begin PBXNativeTarget section */
		DEFF9E501BBE1E2B00FB4E9C /* GirlEmpower */ = {
			isa = PBXNativeTarget;
			buildConfigurationList = DEFF9E7C1BBE1E2C00FB4E9C /* Build configuration list for PBXNativeTarget "GirlEmpower" */;
			buildPhases = (
				25EC388160590A218E18EA68 /* Check Pods Manifest.lock */,
				DEFF9E4D1BBE1E2B00FB4E9C /* Sources */,
				DEFF9E4E1BBE1E2B00FB4E9C /* Frameworks */,
				DEFF9E4F1BBE1E2B00FB4E9C /* Resources */,
				9B33CB82A87BC46D7C705E9C /* Embed Pods Frameworks */,
				A51EA8014E42436F9EC60121 /* Copy Pods Resources */,
			);
			buildRules = (
			);
			dependencies = (
			);
			name = GirlEmpower;
			productName = GirlEmpower;
			productReference = DEFF9E511BBE1E2B00FB4E9C /* GirlEmpower.app */;
			productType = "com.apple.product-type.application";
		};
		DEFF9E671BBE1E2C00FB4E9C /* GirlEmpowerTests */ = {
			isa = PBXNativeTarget;
			buildConfigurationList = DEFF9E7F1BBE1E2C00FB4E9C /* Build configuration list for PBXNativeTarget "GirlEmpowerTests" */;
			buildPhases = (
				DEFF9E641BBE1E2C00FB4E9C /* Sources */,
				DEFF9E651BBE1E2C00FB4E9C /* Frameworks */,
				DEFF9E661BBE1E2C00FB4E9C /* Resources */,
			);
			buildRules = (
			);
			dependencies = (
				DEFF9E6A1BBE1E2C00FB4E9C /* PBXTargetDependency */,
			);
			name = GirlEmpowerTests;
			productName = GirlEmpowerTests;
			productReference = DEFF9E681BBE1E2C00FB4E9C /* GirlEmpowerTests.xctest */;
			productType = "com.apple.product-type.bundle.unit-test";
		};
		DEFF9E721BBE1E2C00FB4E9C /* GirlEmpowerUITests */ = {
			isa = PBXNativeTarget;
			buildConfigurationList = DEFF9E821BBE1E2C00FB4E9C /* Build configuration list for PBXNativeTarget "GirlEmpowerUITests" */;
			buildPhases = (
				DEFF9E6F1BBE1E2C00FB4E9C /* Sources */,
				DEFF9E701BBE1E2C00FB4E9C /* Frameworks */,
				DEFF9E711BBE1E2C00FB4E9C /* Resources */,
			);
			buildRules = (
			);
			dependencies = (
				DEFF9E751BBE1E2C00FB4E9C /* PBXTargetDependency */,
			);
			name = GirlEmpowerUITests;
			productName = GirlEmpowerUITests;
			productReference = DEFF9E731BBE1E2C00FB4E9C /* GirlEmpowerUITests.xctest */;
			productType = "com.apple.product-type.bundle.ui-testing";
		};
/* End PBXNativeTarget section */

/* Begin PBXProject section */
		DEFF9E491BBE1E2B00FB4E9C /* Project object */ = {
			isa = PBXProject;
			attributes = {
				LastUpgradeCheck = 0700;
				ORGANIZATIONNAME = "Laura Phelps";
				TargetAttributes = {
					DEFF9E501BBE1E2B00FB4E9C = {
						CreatedOnToolsVersion = 7.0.1;
					};
					DEFF9E671BBE1E2C00FB4E9C = {
						CreatedOnToolsVersion = 7.0.1;
						TestTargetID = DEFF9E501BBE1E2B00FB4E9C;
					};
					DEFF9E721BBE1E2C00FB4E9C = {
						CreatedOnToolsVersion = 7.0.1;
						TestTargetID = DEFF9E501BBE1E2B00FB4E9C;
					};
				};
			};
			buildConfigurationList = DEFF9E4C1BBE1E2B00FB4E9C /* Build configuration list for PBXProject "GirlEmpower" */;
			compatibilityVersion = "Xcode 3.2";
			developmentRegion = English;
			hasScannedForEncodings = 0;
			knownRegions = (
				en,
				Base,
			);
			mainGroup = DEFF9E481BBE1E2B00FB4E9C;
			productRefGroup = DEFF9E521BBE1E2B00FB4E9C /* Products */;
			projectDirPath = "";
			projectRoot = "";
			targets = (
				DEFF9E501BBE1E2B00FB4E9C /* GirlEmpower */,
				DEFF9E671BBE1E2C00FB4E9C /* GirlEmpowerTests */,
				DEFF9E721BBE1E2C00FB4E9C /* GirlEmpowerUITests */,
			);
		};
/* End PBXProject section */

/* Begin PBXResourcesBuildPhase section */
		DEFF9E4F1BBE1E2B00FB4E9C /* Resources */ = {
			isa = PBXResourcesBuildPhase;
			buildActionMask = 2147483647;
			files = (
				DEFF9E621BBE1E2C00FB4E9C /* LaunchScreen.storyboard in Resources */,
				DEFF9E5F1BBE1E2C00FB4E9C /* Assets.xcassets in Resources */,
				DEFF9E5A1BBE1E2B00FB4E9C /* Main.storyboard in Resources */,
			);
			runOnlyForDeploymentPostprocessing = 0;
		};
		DEFF9E661BBE1E2C00FB4E9C /* Resources */ = {
			isa = PBXResourcesBuildPhase;
			buildActionMask = 2147483647;
			files = (
			);
			runOnlyForDeploymentPostprocessing = 0;
		};
		DEFF9E711BBE1E2C00FB4E9C /* Resources */ = {
			isa = PBXResourcesBuildPhase;
			buildActionMask = 2147483647;
			files = (
			);
			runOnlyForDeploymentPostprocessing = 0;
		};
/* End PBXResourcesBuildPhase section */

/* Begin PBXShellScriptBuildPhase section */
		25EC388160590A218E18EA68 /* Check Pods Manifest.lock */ = {
			isa = PBXShellScriptBuildPhase;
			buildActionMask = 2147483647;
			files = (
			);
			inputPaths = (
			);
			name = "Check Pods Manifest.lock";
			outputPaths = (
			);
			runOnlyForDeploymentPostprocessing = 0;
			shellPath = /bin/sh;
			shellScript = "diff \"${PODS_ROOT}/../Podfile.lock\" \"${PODS_ROOT}/Manifest.lock\" > /dev/null\nif [[ $? != 0 ]] ; then\n    cat << EOM\nerror: The sandbox is not in sync with the Podfile.lock. Run 'pod install' or update your CocoaPods installation.\nEOM\n    exit 1\nfi\n";
			showEnvVarsInLog = 0;
		};
		9B33CB82A87BC46D7C705E9C /* Embed Pods Frameworks */ = {
			isa = PBXShellScriptBuildPhase;
			buildActionMask = 2147483647;
			files = (
			);
			inputPaths = (
			);
			name = "Embed Pods Frameworks";
			outputPaths = (
			);
			runOnlyForDeploymentPostprocessing = 0;
			shellPath = /bin/sh;
			shellScript = "\"${SRCROOT}/Pods/Target Support Files/Pods/Pods-frameworks.sh\"\n";
			showEnvVarsInLog = 0;
		};
		A51EA8014E42436F9EC60121 /* Copy Pods Resources */ = {
			isa = PBXShellScriptBuildPhase;
			buildActionMask = 2147483647;
			files = (
			);
			inputPaths = (
			);
			name = "Copy Pods Resources";
			outputPaths = (
			);
			runOnlyForDeploymentPostprocessing = 0;
			shellPath = /bin/sh;
			shellScript = "\"${SRCROOT}/Pods/Target Support Files/Pods/Pods-resources.sh\"\n";
			showEnvVarsInLog = 0;
		};
/* End PBXShellScriptBuildPhase section */

/* Begin PBXSourcesBuildPhase section */
		DEFF9E4D1BBE1E2B00FB4E9C /* Sources */ = {
			isa = PBXSourcesBuildPhase;
			buildActionMask = 2147483647;
			files = (
				DEFF9E571BBE1E2B00FB4E9C /* ViewController.swift in Sources */,
				DEFF9E8A1BC0A60400FB4E9C /* TwitterManager.swift in Sources */,
				DEFF9E8C1BC184C900FB4E9C /* TwitterModel.swift in Sources */,
				DEFF9E551BBE1E2B00FB4E9C /* AppDelegate.swift in Sources */,
				DE167E971BCB0195006B208E /* memberofCongressModel.swift in Sources */,
				DEFF9E881BC0468E00FB4E9C /* LocationManager.swift in Sources */,
				DE167E951BCB0181006B208E /* memberOfCongressParser.swift in Sources */,
				DEFF9E5D1BBE1E2C00FB4E9C /* GirlEmpower.xcdatamodeld in Sources */,
				DEFF9E861BBE1E8C00FB4E9C /* MapViewController.swift in Sources */,
			);
			runOnlyForDeploymentPostprocessing = 0;
		};
		DEFF9E641BBE1E2C00FB4E9C /* Sources */ = {
			isa = PBXSourcesBuildPhase;
			buildActionMask = 2147483647;
			files = (
				DEFF9E6D1BBE1E2C00FB4E9C /* GirlEmpowerTests.swift in Sources */,
			);
			runOnlyForDeploymentPostprocessing = 0;
		};
		DEFF9E6F1BBE1E2C00FB4E9C /* Sources */ = {
			isa = PBXSourcesBuildPhase;
			buildActionMask = 2147483647;
			files = (
				DEFF9E781BBE1E2C00FB4E9C /* GirlEmpowerUITests.swift in Sources */,
			);
			runOnlyForDeploymentPostprocessing = 0;
		};
/* End PBXSourcesBuildPhase section */

/* Begin PBXTargetDependency section */
		DEFF9E6A1BBE1E2C00FB4E9C /* PBXTargetDependency */ = {
			isa = PBXTargetDependency;
			target = DEFF9E501BBE1E2B00FB4E9C /* GirlEmpower */;
			targetProxy = DEFF9E691BBE1E2C00FB4E9C /* PBXContainerItemProxy */;
		};
		DEFF9E751BBE1E2C00FB4E9C /* PBXTargetDependency */ = {
			isa = PBXTargetDependency;
			target = DEFF9E501BBE1E2B00FB4E9C /* GirlEmpower */;
			targetProxy = DEFF9E741BBE1E2C00FB4E9C /* PBXContainerItemProxy */;
		};
/* End PBXTargetDependency section */

/* Begin PBXVariantGroup section */
		DEFF9E581BBE1E2B00FB4E9C /* Main.storyboard */ = {
			isa = PBXVariantGroup;
			children = (
				DEFF9E591BBE1E2B00FB4E9C /* Base */,
			);
			name = Main.storyboard;
			sourceTree = "<group>";
		};
		DEFF9E601BBE1E2C00FB4E9C /* LaunchScreen.storyboard */ = {
			isa = PBXVariantGroup;
			children = (
				DEFF9E611BBE1E2C00FB4E9C /* Base */,
			);
			name = LaunchScreen.storyboard;
			sourceTree = "<group>";
		};
/* End PBXVariantGroup section */

/* Begin XCBuildConfiguration section */
		DEFF9E7A1BBE1E2C00FB4E9C /* Debug */ = {
			isa = XCBuildConfiguration;
			buildSettings = {
				ALWAYS_SEARCH_USER_PATHS = NO;
				CLANG_CXX_LANGUAGE_STANDARD = "gnu++0x";
				CLANG_CXX_LIBRARY = "libc++";
				CLANG_ENABLE_MODULES = YES;
				CLANG_ENABLE_OBJC_ARC = YES;
				CLANG_WARN_BOOL_CONVERSION = YES;
				CLANG_WARN_CONSTANT_CONVERSION = YES;
				CLANG_WARN_DIRECT_OBJC_ISA_USAGE = YES_ERROR;
				CLANG_WARN_EMPTY_BODY = YES;
				CLANG_WARN_ENUM_CONVERSION = YES;
				CLANG_WARN_INT_CONVERSION = YES;
				CLANG_WARN_OBJC_ROOT_CLASS = YES_ERROR;
				CLANG_WARN_UNREACHABLE_CODE = YES;
				CLANG_WARN__DUPLICATE_METHOD_MATCH = YES;
				"CODE_SIGN_IDENTITY[sdk=iphoneos*]" = "iPhone Developer";
				COPY_PHASE_STRIP = NO;
				DEBUG_INFORMATION_FORMAT = dwarf;
				ENABLE_STRICT_OBJC_MSGSEND = YES;
				ENABLE_TESTABILITY = YES;
				GCC_C_LANGUAGE_STANDARD = gnu99;
				GCC_DYNAMIC_NO_PIC = NO;
				GCC_NO_COMMON_BLOCKS = YES;
				GCC_OPTIMIZATION_LEVEL = 0;
				GCC_PREPROCESSOR_DEFINITIONS = (
					"DEBUG=1",
					"$(inherited)",
				);
				GCC_WARN_64_TO_32_BIT_CONVERSION = YES;
				GCC_WARN_ABOUT_RETURN_TYPE = YES_ERROR;
				GCC_WARN_UNDECLARED_SELECTOR = YES;
				GCC_WARN_UNINITIALIZED_AUTOS = YES_AGGRESSIVE;
				GCC_WARN_UNUSED_FUNCTION = YES;
				GCC_WARN_UNUSED_VARIABLE = YES;
				IPHONEOS_DEPLOYMENT_TARGET = 9.0;
				MTL_ENABLE_DEBUG_INFO = YES;
				ONLY_ACTIVE_ARCH = YES;
				SDKROOT = iphoneos;
				SWIFT_OPTIMIZATION_LEVEL = "-Onone";
				TARGETED_DEVICE_FAMILY = "1,2";
			};
			name = Debug;
		};
		DEFF9E7B1BBE1E2C00FB4E9C /* Release */ = {
			isa = XCBuildConfiguration;
			buildSettings = {
				ALWAYS_SEARCH_USER_PATHS = NO;
				CLANG_CXX_LANGUAGE_STANDARD = "gnu++0x";
				CLANG_CXX_LIBRARY = "libc++";
				CLANG_ENABLE_MODULES = YES;
				CLANG_ENABLE_OBJC_ARC = YES;
				CLANG_WARN_BOOL_CONVERSION = YES;
				CLANG_WARN_CONSTANT_CONVERSION = YES;
				CLANG_WARN_DIRECT_OBJC_ISA_USAGE = YES_ERROR;
				CLANG_WARN_EMPTY_BODY = YES;
				CLANG_WARN_ENUM_CONVERSION = YES;
				CLANG_WARN_INT_CONVERSION = YES;
				CLANG_WARN_OBJC_ROOT_CLASS = YES_ERROR;
				CLANG_WARN_UNREACHABLE_CODE = YES;
				CLANG_WARN__DUPLICATE_METHOD_MATCH = YES;
				"CODE_SIGN_IDENTITY[sdk=iphoneos*]" = "iPhone Developer";
				COPY_PHASE_STRIP = NO;
				DEBUG_INFORMATION_FORMAT = "dwarf-with-dsym";
				ENABLE_NS_ASSERTIONS = NO;
				ENABLE_STRICT_OBJC_MSGSEND = YES;
				GCC_C_LANGUAGE_STANDARD = gnu99;
				GCC_NO_COMMON_BLOCKS = YES;
				GCC_WARN_64_TO_32_BIT_CONVERSION = YES;
				GCC_WARN_ABOUT_RETURN_TYPE = YES_ERROR;
				GCC_WARN_UNDECLARED_SELECTOR = YES;
				GCC_WARN_UNINITIALIZED_AUTOS = YES_AGGRESSIVE;
				GCC_WARN_UNUSED_FUNCTION = YES;
				GCC_WARN_UNUSED_VARIABLE = YES;
				IPHONEOS_DEPLOYMENT_TARGET = 9.0;
				MTL_ENABLE_DEBUG_INFO = NO;
				SDKROOT = iphoneos;
				TARGETED_DEVICE_FAMILY = "1,2";
				VALIDATE_PRODUCT = YES;
			};
			name = Release;
		};
		DEFF9E7D1BBE1E2C00FB4E9C /* Debug */ = {
			isa = XCBuildConfiguration;
			baseConfigurationReference = ACA0A7BA0C948EF563D26BDA /* Pods.debug.xcconfig */;
			buildSettings = {
				ASSETCATALOG_COMPILER_APPICON_NAME = AppIcon;
				INFOPLIST_FILE = GirlEmpower/Info.plist;
				LD_RUNPATH_SEARCH_PATHS = "$(inherited) @executable_path/Frameworks";
				PRODUCT_BUNDLE_IDENTIFIER = com.lauraphelps.GirlEmpower;
				PRODUCT_NAME = "$(TARGET_NAME)";
			};
			name = Debug;
		};
		DEFF9E7E1BBE1E2C00FB4E9C /* Release */ = {
			isa = XCBuildConfiguration;
			baseConfigurationReference = 5BD552BA0489141BE6DD8463 /* Pods.release.xcconfig */;
			buildSettings = {
				ASSETCATALOG_COMPILER_APPICON_NAME = AppIcon;
				INFOPLIST_FILE = GirlEmpower/Info.plist;
				LD_RUNPATH_SEARCH_PATHS = "$(inherited) @executable_path/Frameworks";
				PRODUCT_BUNDLE_IDENTIFIER = com.lauraphelps.GirlEmpower;
				PRODUCT_NAME = "$(TARGET_NAME)";
			};
			name = Release;
		};
		DEFF9E801BBE1E2C00FB4E9C /* Debug */ = {
			isa = XCBuildConfiguration;
			buildSettings = {
				BUNDLE_LOADER = "$(TEST_HOST)";
				INFOPLIST_FILE = GirlEmpowerTests/Info.plist;
				LD_RUNPATH_SEARCH_PATHS = "$(inherited) @executable_path/Frameworks @loader_path/Frameworks";
				PRODUCT_BUNDLE_IDENTIFIER = com.lauraphelps.GirlEmpowerTests;
				PRODUCT_NAME = "$(TARGET_NAME)";
				TEST_HOST = "$(BUILT_PRODUCTS_DIR)/GirlEmpower.app/GirlEmpower";
			};
			name = Debug;
		};
		DEFF9E811BBE1E2C00FB4E9C /* Release */ = {
			isa = XCBuildConfiguration;
			buildSettings = {
				BUNDLE_LOADER = "$(TEST_HOST)";
				INFOPLIST_FILE = GirlEmpowerTests/Info.plist;
				LD_RUNPATH_SEARCH_PATHS = "$(inherited) @executable_path/Frameworks @loader_path/Frameworks";
				PRODUCT_BUNDLE_IDENTIFIER = com.lauraphelps.GirlEmpowerTests;
				PRODUCT_NAME = "$(TARGET_NAME)";
				TEST_HOST = "$(BUILT_PRODUCTS_DIR)/GirlEmpower.app/GirlEmpower";
			};
			name = Release;
		};
		DEFF9E831BBE1E2C00FB4E9C /* Debug */ = {
			isa = XCBuildConfiguration;
			buildSettings = {
				INFOPLIST_FILE = GirlEmpowerUITests/Info.plist;
				LD_RUNPATH_SEARCH_PATHS = "$(inherited) @executable_path/Frameworks @loader_path/Frameworks";
				PRODUCT_BUNDLE_IDENTIFIER = com.lauraphelps.GirlEmpowerUITests;
				PRODUCT_NAME = "$(TARGET_NAME)";
				TEST_TARGET_NAME = GirlEmpower;
				USES_XCTRUNNER = YES;
			};
			name = Debug;
		};
		DEFF9E841BBE1E2C00FB4E9C /* Release */ = {
			isa = XCBuildConfiguration;
			buildSettings = {
				INFOPLIST_FILE = GirlEmpowerUITests/Info.plist;
				LD_RUNPATH_SEARCH_PATHS = "$(inherited) @executable_path/Frameworks @loader_path/Frameworks";
				PRODUCT_BUNDLE_IDENTIFIER = com.lauraphelps.GirlEmpowerUITests;
				PRODUCT_NAME = "$(TARGET_NAME)";
				TEST_TARGET_NAME = GirlEmpower;
				USES_XCTRUNNER = YES;
			};
			name = Release;
		};
/* End XCBuildConfiguration section */

/* Begin XCConfigurationList section */
		DEFF9E4C1BBE1E2B00FB4E9C /* Build configuration list for PBXProject "GirlEmpower" */ = {
			isa = XCConfigurationList;
			buildConfigurations = (
				DEFF9E7A1BBE1E2C00FB4E9C /* Debug */,
				DEFF9E7B1BBE1E2C00FB4E9C /* Release */,
			);
			defaultConfigurationIsVisible = 0;
			defaultConfigurationName = Release;
		};
		DEFF9E7C1BBE1E2C00FB4E9C /* Build configuration list for PBXNativeTarget "GirlEmpower" */ = {
			isa = XCConfigurationList;
			buildConfigurations = (
				DEFF9E7D1BBE1E2C00FB4E9C /* Debug */,
				DEFF9E7E1BBE1E2C00FB4E9C /* Release */,
			);
			defaultConfigurationIsVisible = 0;
			defaultConfigurationName = Release;
		};
		DEFF9E7F1BBE1E2C00FB4E9C /* Build configuration list for PBXNativeTarget "GirlEmpowerTests" */ = {
			isa = XCConfigurationList;
			buildConfigurations = (
				DEFF9E801BBE1E2C00FB4E9C /* Debug */,
				DEFF9E811BBE1E2C00FB4E9C /* Release */,
			);
			defaultConfigurationIsVisible = 0;
			defaultConfigurationName = Release;
		};
		DEFF9E821BBE1E2C00FB4E9C /* Build configuration list for PBXNativeTarget "GirlEmpowerUITests" */ = {
			isa = XCConfigurationList;
			buildConfigurations = (
				DEFF9E831BBE1E2C00FB4E9C /* Debug */,
				DEFF9E841BBE1E2C00FB4E9C /* Release */,
			);
			defaultConfigurationIsVisible = 0;
			defaultConfigurationName = Release;
		};
/* End XCConfigurationList section */

/* Begin XCVersionGroup section */
		DEFF9E5B1BBE1E2C00FB4E9C /* GirlEmpower.xcdatamodeld */ = {
			isa = XCVersionGroup;
			children = (
				DEFF9E5C1BBE1E2C00FB4E9C /* GirlEmpower.xcdatamodel */,
			);
			currentVersion = DEFF9E5C1BBE1E2C00FB4E9C /* GirlEmpower.xcdatamodel */;
			path = GirlEmpower.xcdatamodeld;
			sourceTree = "<group>";
			versionGroupType = wrapper.xcdatamodel;
		};
/* End XCVersionGroup section */
	};
	rootObject = DEFF9E491BBE1E2B00FB4E9C /* Project object */;
}
